// !$*UTF8*$!
{
	archiveVersion = 1;
	classes = {
	};
	objectVersion = 55;
	objects = {

/* Begin PBXBuildFile section */
		3640C72928530DEC0059D14F /* AppDelegate.swift in Sources */ = {isa = PBXBuildFile; fileRef = 3640C72828530DEC0059D14F /* AppDelegate.swift */; };
		3640C72B28530DEC0059D14F /* SceneDelegate.swift in Sources */ = {isa = PBXBuildFile; fileRef = 3640C72A28530DEC0059D14F /* SceneDelegate.swift */; };
		3640C72D28530DEC0059D14F /* ViewController.swift in Sources */ = {isa = PBXBuildFile; fileRef = 3640C72C28530DEC0059D14F /* ViewController.swift */; };
		3640C73028530DEC0059D14F /* Main.storyboard in Resources */ = {isa = PBXBuildFile; fileRef = 3640C72E28530DEC0059D14F /* Main.storyboard */; };
		3640C73228530DEF0059D14F /* Assets.xcassets in Resources */ = {isa = PBXBuildFile; fileRef = 3640C73128530DEF0059D14F /* Assets.xcassets */; };
		3640C73528530DEF0059D14F /* LaunchScreen.storyboard in Resources */ = {isa = PBXBuildFile; fileRef = 3640C73328530DEF0059D14F /* LaunchScreen.storyboard */; };
		3640C741285323840059D14F /* FirebaseAuth in Frameworks */ = {isa = PBXBuildFile; productRef = 3640C740285323840059D14F /* FirebaseAuth */; };
		3640C743285323840059D14F /* FirebaseDatabase in Frameworks */ = {isa = PBXBuildFile; productRef = 3640C742285323840059D14F /* FirebaseDatabase */; };
		3640C745285323840059D14F /* FirebaseStorage in Frameworks */ = {isa = PBXBuildFile; productRef = 3640C744285323840059D14F /* FirebaseStorage */; };
		5E3880E828574C2200A8D6D3 /* UsersBookListCell.swift in Sources */ = {isa = PBXBuildFile; fileRef = 5E3880E728574C2200A8D6D3 /* UsersBookListCell.swift */; };
		5E460DBB2856F11D0064BE32 /* Utility.swift in Sources */ = {isa = PBXBuildFile; fileRef = 5E460DBA2856F11D0064BE32 /* Utility.swift */; };
		5E5B1F462854766700210512 /* MemberListVC.swift in Sources */ = {isa = PBXBuildFile; fileRef = 5E5B1F452854766700210512 /* MemberListVC.swift */; };
		5E5B1F482854770300210512 /* MembersListCell.swift in Sources */ = {isa = PBXBuildFile; fileRef = 5E5B1F472854770300210512 /* MembersListCell.swift */; };
		5E5B1F4C2854941800210512 /* AddBookVC.swift in Sources */ = {isa = PBXBuildFile; fileRef = 5E5B1F4B2854941800210512 /* AddBookVC.swift */; };
		5E5B1F522854D0F000210512 /* BookListCell.swift in Sources */ = {isa = PBXBuildFile; fileRef = 5E5B1F512854D0F000210512 /* BookListCell.swift */; };
		5E5B1F552855C2CB00210512 /* GoogleService-Info.plist in Resources */ = {isa = PBXBuildFile; fileRef = 5E5B1F542855C2CB00210512 /* GoogleService-Info.plist */; };
		5E5B1F572855DF2300210512 /* BookListVC.swift in Sources */ = {isa = PBXBuildFile; fileRef = 5E5B1F562855DF2300210512 /* BookListVC.swift */; };
		5E5B1F592856293700210512 /* BorrowedBooksVC.swift in Sources */ = {isa = PBXBuildFile; fileRef = 5E5B1F582856293700210512 /* BorrowedBooksVC.swift */; };
		5E5B1F5B2856296200210512 /* SearchBookVC.swift in Sources */ = {isa = PBXBuildFile; fileRef = 5E5B1F5A2856296200210512 /* SearchBookVC.swift */; };
		5EDDEE722854506A0036CDCF /* LoginVC.swift in Sources */ = {isa = PBXBuildFile; fileRef = 5EDDEE712854506A0036CDCF /* LoginVC.swift */; };
		5EDDEE74285450910036CDCF /* RegisterVC.swift in Sources */ = {isa = PBXBuildFile; fileRef = 5EDDEE73285450910036CDCF /* RegisterVC.swift */; };
		5EDDEE76285450BA0036CDCF /* WelcomeAdminVC.swift in Sources */ = {isa = PBXBuildFile; fileRef = 5EDDEE75285450BA0036CDCF /* WelcomeAdminVC.swift */; };
		5EDDEE78285450EB0036CDCF /* WelcomeLibraryMembersVC.swift in Sources */ = {isa = PBXBuildFile; fileRef = 5EDDEE77285450EB0036CDCF /* WelcomeLibraryMembersVC.swift */; };
		5EDDEE7A285457430036CDCF /* DBUtilities.swift in Sources */ = {isa = PBXBuildFile; fileRef = 5EDDEE79285457430036CDCF /* DBUtilities.swift */; };
		5EDDEE7E2854577D0036CDCF /* MemberDetailsUtility.swift in Sources */ = {isa = PBXBuildFile; fileRef = 5EDDEE7D2854577D0036CDCF /* MemberDetailsUtility.swift */; };
/* End PBXBuildFile section */

/* Begin PBXFileReference section */
		3640C72528530DEC0059D14F /* LibraryApp.app */ = {isa = PBXFileReference; explicitFileType = wrapper.application; includeInIndex = 0; path = LibraryApp.app; sourceTree = BUILT_PRODUCTS_DIR; };
		3640C72828530DEC0059D14F /* AppDelegate.swift */ = {isa = PBXFileReference; lastKnownFileType = sourcecode.swift; path = AppDelegate.swift; sourceTree = "<group>"; };
		3640C72A28530DEC0059D14F /* SceneDelegate.swift */ = {isa = PBXFileReference; lastKnownFileType = sourcecode.swift; path = SceneDelegate.swift; sourceTree = "<group>"; };
		3640C72C28530DEC0059D14F /* ViewController.swift */ = {isa = PBXFileReference; lastKnownFileType = sourcecode.swift; path = ViewController.swift; sourceTree = "<group>"; };
		3640C72F28530DEC0059D14F /* Base */ = {isa = PBXFileReference; lastKnownFileType = file.storyboard; name = Base; path = Base.lproj/Main.storyboard; sourceTree = "<group>"; };
		3640C73128530DEF0059D14F /* Assets.xcassets */ = {isa = PBXFileReference; lastKnownFileType = folder.assetcatalog; path = Assets.xcassets; sourceTree = "<group>"; };
		3640C73428530DEF0059D14F /* Base */ = {isa = PBXFileReference; lastKnownFileType = file.storyboard; name = Base; path = Base.lproj/LaunchScreen.storyboard; sourceTree = "<group>"; };
		3640C73628530DEF0059D14F /* Info.plist */ = {isa = PBXFileReference; lastKnownFileType = text.plist.xml; path = Info.plist; sourceTree = "<group>"; };
		5E3880E728574C2200A8D6D3 /* UsersBookListCell.swift */ = {isa = PBXFileReference; lastKnownFileType = sourcecode.swift; path = UsersBookListCell.swift; sourceTree = "<group>"; };
		5E460DBA2856F11D0064BE32 /* Utility.swift */ = {isa = PBXFileReference; lastKnownFileType = sourcecode.swift; path = Utility.swift; sourceTree = "<group>"; };
		5E5B1F452854766700210512 /* MemberListVC.swift */ = {isa = PBXFileReference; lastKnownFileType = sourcecode.swift; path = MemberListVC.swift; sourceTree = "<group>"; };
		5E5B1F472854770300210512 /* MembersListCell.swift */ = {isa = PBXFileReference; lastKnownFileType = sourcecode.swift; path = MembersListCell.swift; sourceTree = "<group>"; };
		5E5B1F4B2854941800210512 /* AddBookVC.swift */ = {isa = PBXFileReference; lastKnownFileType = sourcecode.swift; path = AddBookVC.swift; sourceTree = "<group>"; };
		5E5B1F512854D0F000210512 /* BookListCell.swift */ = {isa = PBXFileReference; lastKnownFileType = sourcecode.swift; path = BookListCell.swift; sourceTree = "<group>"; };
		5E5B1F542855C2CB00210512 /* GoogleService-Info.plist */ = {isa = PBXFileReference; fileEncoding = 4; lastKnownFileType = text.plist.xml; name = "GoogleService-Info.plist"; path = "../../../Downloads/GoogleService-Info.plist"; sourceTree = "<group>"; };
		5E5B1F562855DF2300210512 /* BookListVC.swift */ = {isa = PBXFileReference; lastKnownFileType = sourcecode.swift; path = BookListVC.swift; sourceTree = "<group>"; };
		5E5B1F582856293700210512 /* BorrowedBooksVC.swift */ = {isa = PBXFileReference; lastKnownFileType = sourcecode.swift; path = BorrowedBooksVC.swift; sourceTree = "<group>"; };
		5E5B1F5A2856296200210512 /* SearchBookVC.swift */ = {isa = PBXFileReference; lastKnownFileType = sourcecode.swift; path = SearchBookVC.swift; sourceTree = "<group>"; };
		5EDDEE712854506A0036CDCF /* LoginVC.swift */ = {isa = PBXFileReference; lastKnownFileType = sourcecode.swift; path = LoginVC.swift; sourceTree = "<group>"; };
		5EDDEE73285450910036CDCF /* RegisterVC.swift */ = {isa = PBXFileReference; lastKnownFileType = sourcecode.swift; path = RegisterVC.swift; sourceTree = "<group>"; };
		5EDDEE75285450BA0036CDCF /* WelcomeAdminVC.swift */ = {isa = PBXFileReference; lastKnownFileType = sourcecode.swift; path = WelcomeAdminVC.swift; sourceTree = "<group>"; };
		5EDDEE77285450EB0036CDCF /* WelcomeLibraryMembersVC.swift */ = {isa = PBXFileReference; lastKnownFileType = sourcecode.swift; path = WelcomeLibraryMembersVC.swift; sourceTree = "<group>"; };
		5EDDEE79285457430036CDCF /* DBUtilities.swift */ = {isa = PBXFileReference; lastKnownFileType = sourcecode.swift; path = DBUtilities.swift; sourceTree = "<group>"; };
		5EDDEE7D2854577D0036CDCF /* MemberDetailsUtility.swift */ = {isa = PBXFileReference; lastKnownFileType = sourcecode.swift; path = MemberDetailsUtility.swift; sourceTree = "<group>"; };
/* End PBXFileReference section */

/* Begin PBXFrameworksBuildPhase section */
		3640C72228530DEC0059D14F /* Frameworks */ = {
			isa = PBXFrameworksBuildPhase;
			buildActionMask = 2147483647;
			files = (
				3640C743285323840059D14F /* FirebaseDatabase in Frameworks */,
				3640C741285323840059D14F /* FirebaseAuth in Frameworks */,
				3640C745285323840059D14F /* FirebaseStorage in Frameworks */,
			);
			runOnlyForDeploymentPostprocessing = 0;
		};
/* End PBXFrameworksBuildPhase section */

/* Begin PBXGroup section */
		3640C71C28530DEC0059D14F = {
			isa = PBXGroup;
			children = (
				3640C72728530DEC0059D14F /* LibraryApp */,
				3640C72628530DEC0059D14F /* Products */,
			);
			sourceTree = "<group>";
		};
		3640C72628530DEC0059D14F /* Products */ = {
			isa = PBXGroup;
			children = (
				3640C72528530DEC0059D14F /* LibraryApp.app */,
			);
			name = Products;
			sourceTree = "<group>";
		};
		3640C72728530DEC0059D14F /* LibraryApp */ = {
			isa = PBXGroup;
			children = (
				3640C73D285310390059D14F /* Model */,
				3640C73C285310310059D14F /* View */,
				3640C73E285310400059D14F /* Controller */,
				3640C73128530DEF0059D14F /* Assets.xcassets */,
				3640C73628530DEF0059D14F /* Info.plist */,
				5E5B1F542855C2CB00210512 /* GoogleService-Info.plist */,
			);
			path = LibraryApp;
			sourceTree = "<group>";
		};
		3640C73C285310310059D14F /* View */ = {
			isa = PBXGroup;
			children = (
				3640C72828530DEC0059D14F /* AppDelegate.swift */,
				3640C72A28530DEC0059D14F /* SceneDelegate.swift */,
				3640C73328530DEF0059D14F /* LaunchScreen.storyboard */,
				3640C72E28530DEC0059D14F /* Main.storyboard */,
				5E5B1F472854770300210512 /* MembersListCell.swift */,
				5E5B1F512854D0F000210512 /* BookListCell.swift */,
				5E3880E728574C2200A8D6D3 /* UsersBookListCell.swift */,
			);
			path = View;
			sourceTree = "<group>";
		};
		3640C73D285310390059D14F /* Model */ = {
			isa = PBXGroup;
			children = (
				5EDDEE79285457430036CDCF /* DBUtilities.swift */,
				5EDDEE7D2854577D0036CDCF /* MemberDetailsUtility.swift */,
				5E460DBA2856F11D0064BE32 /* Utility.swift */,
			);
			path = Model;
			sourceTree = "<group>";
		};
		3640C73E285310400059D14F /* Controller */ = {
			isa = PBXGroup;
			children = (
				3640C72C28530DEC0059D14F /* ViewController.swift */,
				5EDDEE712854506A0036CDCF /* LoginVC.swift */,
				5EDDEE73285450910036CDCF /* RegisterVC.swift */,
				5EDDEE75285450BA0036CDCF /* WelcomeAdminVC.swift */,
				5EDDEE77285450EB0036CDCF /* WelcomeLibraryMembersVC.swift */,
				5E5B1F452854766700210512 /* MemberListVC.swift */,
				5E5B1F4B2854941800210512 /* AddBookVC.swift */,
				5E5B1F562855DF2300210512 /* BookListVC.swift */,
				5E5B1F582856293700210512 /* BorrowedBooksVC.swift */,
				5E5B1F5A2856296200210512 /* SearchBookVC.swift */,
			);
			path = Controller;
			sourceTree = "<group>";
		};
/* End PBXGroup section */

/* Begin PBXNativeTarget section */
		3640C72428530DEC0059D14F /* LibraryApp */ = {
			isa = PBXNativeTarget;
			buildConfigurationList = 3640C73928530DEF0059D14F /* Build configuration list for PBXNativeTarget "LibraryApp" */;
			buildPhases = (
				3640C72128530DEC0059D14F /* Sources */,
				3640C72228530DEC0059D14F /* Frameworks */,
				3640C72328530DEC0059D14F /* Resources */,
			);
			buildRules = (
			);
			dependencies = (
			);
			name = LibraryApp;
			packageProductDependencies = (
				3640C740285323840059D14F /* FirebaseAuth */,
				3640C742285323840059D14F /* FirebaseDatabase */,
				3640C744285323840059D14F /* FirebaseStorage */,
			);
			productName = Sprint2;
			productReference = 3640C72528530DEC0059D14F /* LibraryApp.app */;
			productType = "com.apple.product-type.application";
		};
/* End PBXNativeTarget section */

/* Begin PBXProject section */
		3640C71D28530DEC0059D14F /* Project object */ = {
			isa = PBXProject;
			attributes = {
				BuildIndependentTargetsInParallel = 1;
				LastSwiftUpdateCheck = 1320;
				LastUpgradeCheck = 1320;
				TargetAttributes = {
					3640C72428530DEC0059D14F = {
						CreatedOnToolsVersion = 13.2.1;
					};
				};
			};
			buildConfigurationList = 3640C72028530DEC0059D14F /* Build configuration list for PBXProject "LibraryApp" */;
			compatibilityVersion = "Xcode 13.0";
			developmentRegion = en;
			hasScannedForEncodings = 0;
			knownRegions = (
				en,
				Base,
			);
			mainGroup = 3640C71C28530DEC0059D14F;
			packageReferences = (
				3640C73F285323840059D14F /* XCRemoteSwiftPackageReference "firebase-ios-sdk" */,
			);
			productRefGroup = 3640C72628530DEC0059D14F /* Products */;
			projectDirPath = "";
			projectRoot = "";
			targets = (
				3640C72428530DEC0059D14F /* LibraryApp */,
			);
		};
/* End PBXProject section */

/* Begin PBXResourcesBuildPhase section */
		3640C72328530DEC0059D14F /* Resources */ = {
			isa = PBXResourcesBuildPhase;
			buildActionMask = 2147483647;
			files = (
				3640C73528530DEF0059D14F /* LaunchScreen.storyboard in Resources */,
				5E5B1F552855C2CB00210512 /* GoogleService-Info.plist in Resources */,
				3640C73228530DEF0059D14F /* Assets.xcassets in Resources */,
				3640C73028530DEC0059D14F /* Main.storyboard in Resources */,
			);
			runOnlyForDeploymentPostprocessing = 0;
		};
/* End PBXResourcesBuildPhase section */

/* Begin PBXSourcesBuildPhase section */
		3640C72128530DEC0059D14F /* Sources */ = {
			isa = PBXSourcesBuildPhase;
			buildActionMask = 2147483647;
			files = (
				3640C72D28530DEC0059D14F /* ViewController.swift in Sources */,
				5E5B1F4C2854941800210512 /* AddBookVC.swift in Sources */,
				5E5B1F462854766700210512 /* MemberListVC.swift in Sources */,
				5E5B1F572855DF2300210512 /* BookListVC.swift in Sources */,
				5EDDEE7E2854577D0036CDCF /* MemberDetailsUtility.swift in Sources */,
				5E3880E828574C2200A8D6D3 /* UsersBookListCell.swift in Sources */,
				5E5B1F5B2856296200210512 /* SearchBookVC.swift in Sources */,
				3640C72928530DEC0059D14F /* AppDelegate.swift in Sources */,
				5E5B1F522854D0F000210512 /* BookListCell.swift in Sources */,
				5EDDEE722854506A0036CDCF /* LoginVC.swift in Sources */,
				3640C72B28530DEC0059D14F /* SceneDelegate.swift in Sources */,
				5EDDEE78285450EB0036CDCF /* WelcomeLibraryMembersVC.swift in Sources */,
				5E5B1F592856293700210512 /* BorrowedBooksVC.swift in Sources */,
				5EDDEE74285450910036CDCF /* RegisterVC.swift in Sources */,
				5EDDEE7A285457430036CDCF /* DBUtilities.swift in Sources */,
				5EDDEE76285450BA0036CDCF /* WelcomeAdminVC.swift in Sources */,
				5E5B1F482854770300210512 /* MembersListCell.swift in Sources */,
				5E460DBB2856F11D0064BE32 /* Utility.swift in Sources */,
			);
			runOnlyForDeploymentPostprocessing = 0;
		};
/* End PBXSourcesBuildPhase section */

/* Begin PBXVariantGroup section */
		3640C72E28530DEC0059D14F /* Main.storyboard */ = {
			isa = PBXVariantGroup;
			children = (
				3640C72F28530DEC0059D14F /* Base */,
			);
			name = Main.storyboard;
			sourceTree = "<group>";
		};
		3640C73328530DEF0059D14F /* LaunchScreen.storyboard */ = {
			isa = PBXVariantGroup;
			children = (
				3640C73428530DEF0059D14F /* Base */,
			);
			name = LaunchScreen.storyboard;
			sourceTree = "<group>";
		};
/* End PBXVariantGroup section */

/* Begin XCBuildConfiguration section */
		3640C73728530DEF0059D14F /* Debug */ = {
			isa = XCBuildConfiguration;
			buildSettings = {
				ALWAYS_SEARCH_USER_PATHS = NO;
				CLANG_ANALYZER_NONNULL = YES;
				CLANG_ANALYZER_NUMBER_OBJECT_CONVERSION = YES_AGGRESSIVE;
				CLANG_CXX_LANGUAGE_STANDARD = "gnu++17";
				CLANG_CXX_LIBRARY = "libc++";
				CLANG_ENABLE_MODULES = YES;
				CLANG_ENABLE_OBJC_ARC = YES;
				CLANG_ENABLE_OBJC_WEAK = YES;
				CLANG_WARN_BLOCK_CAPTURE_AUTORELEASING = YES;
				CLANG_WARN_BOOL_CONVERSION = YES;
				CLANG_WARN_COMMA = YES;
				CLANG_WARN_CONSTANT_CONVERSION = YES;
				CLANG_WARN_DEPRECATED_OBJC_IMPLEMENTATIONS = YES;
				CLANG_WARN_DIRECT_OBJC_ISA_USAGE = YES_ERROR;
				CLANG_WARN_DOCUMENTATION_COMMENTS = YES;
				CLANG_WARN_EMPTY_BODY = YES;
				CLANG_WARN_ENUM_CONVERSION = YES;
				CLANG_WARN_INFINITE_RECURSION = YES;
				CLANG_WARN_INT_CONVERSION = YES;
				CLANG_WARN_NON_LITERAL_NULL_CONVERSION = YES;
				CLANG_WARN_OBJC_IMPLICIT_RETAIN_SELF = YES;
				CLANG_WARN_OBJC_LITERAL_CONVERSION = YES;
				CLANG_WARN_OBJC_ROOT_CLASS = YES_ERROR;
				CLANG_WARN_QUOTED_INCLUDE_IN_FRAMEWORK_HEADER = YES;
				CLANG_WARN_RANGE_LOOP_ANALYSIS = YES;
				CLANG_WARN_STRICT_PROTOTYPES = YES;
				CLANG_WARN_SUSPICIOUS_MOVE = YES;
				CLANG_WARN_UNGUARDED_AVAILABILITY = YES_AGGRESSIVE;
				CLANG_WARN_UNREACHABLE_CODE = YES;
				CLANG_WARN__DUPLICATE_METHOD_MATCH = YES;
				COPY_PHASE_STRIP = NO;
				DEBUG_INFORMATION_FORMAT = dwarf;
				ENABLE_STRICT_OBJC_MSGSEND = YES;
				ENABLE_TESTABILITY = YES;
				GCC_C_LANGUAGE_STANDARD = gnu11;
				GCC_DYNAMIC_NO_PIC = NO;
				GCC_NO_COMMON_BLOCKS = YES;
				GCC_OPTIMIZATION_LEVEL = 0;
				GCC_PREPROCESSOR_DEFINITIONS = (
					"DEBUG=1",
					"$(inherited)",
				);
				GCC_WARN_64_TO_32_BIT_CONVERSION = YES;
				GCC_WARN_ABOUT_RETURN_TYPE = YES_ERROR;
				GCC_WARN_UNDECLARED_SELECTOR = YES;
				GCC_WARN_UNINITIALIZED_AUTOS = YES_AGGRESSIVE;
				GCC_WARN_UNUSED_FUNCTION = YES;
				GCC_WARN_UNUSED_VARIABLE = YES;
				IPHONEOS_DEPLOYMENT_TARGET = 15.2;
				MTL_ENABLE_DEBUG_INFO = INCLUDE_SOURCE;
				MTL_FAST_MATH = YES;
				ONLY_ACTIVE_ARCH = YES;
				SDKROOT = iphoneos;
				SWIFT_ACTIVE_COMPILATION_CONDITIONS = DEBUG;
				SWIFT_OPTIMIZATION_LEVEL = "-Onone";
			};
			name = Debug;
		};
		3640C73828530DEF0059D14F /* Release */ = {
			isa = XCBuildConfiguration;
			buildSettings = {
				ALWAYS_SEARCH_USER_PATHS = NO;
				CLANG_ANALYZER_NONNULL = YES;
				CLANG_ANALYZER_NUMBER_OBJECT_CONVERSION = YES_AGGRESSIVE;
				CLANG_CXX_LANGUAGE_STANDARD = "gnu++17";
				CLANG_CXX_LIBRARY = "libc++";
				CLANG_ENABLE_MODULES = YES;
				CLANG_ENABLE_OBJC_ARC = YES;
				CLANG_ENABLE_OBJC_WEAK = YES;
				CLANG_WARN_BLOCK_CAPTURE_AUTORELEASING = YES;
				CLANG_WARN_BOOL_CONVERSION = YES;
				CLANG_WARN_COMMA = YES;
				CLANG_WARN_CONSTANT_CONVERSION = YES;
				CLANG_WARN_DEPRECATED_OBJC_IMPLEMENTATIONS = YES;
				CLANG_WARN_DIRECT_OBJC_ISA_USAGE = YES_ERROR;
				CLANG_WARN_DOCUMENTATION_COMMENTS = YES;
				CLANG_WARN_EMPTY_BODY = YES;
				CLANG_WARN_ENUM_CONVERSION = YES;
				CLANG_WARN_INFINITE_RECURSION = YES;
				CLANG_WARN_INT_CONVERSION = YES;
				CLANG_WARN_NON_LITERAL_NULL_CONVERSION = YES;
				CLANG_WARN_OBJC_IMPLICIT_RETAIN_SELF = YES;
				CLANG_WARN_OBJC_LITERAL_CONVERSION = YES;
				CLANG_WARN_OBJC_ROOT_CLASS = YES_ERROR;
				CLANG_WARN_QUOTED_INCLUDE_IN_FRAMEWORK_HEADER = YES;
				CLANG_WARN_RANGE_LOOP_ANALYSIS = YES;
				CLANG_WARN_STRICT_PROTOTYPES = YES;
				CLANG_WARN_SUSPICIOUS_MOVE = YES;
				CLANG_WARN_UNGUARDED_AVAILABILITY = YES_AGGRESSIVE;
				CLANG_WARN_UNREACHABLE_CODE = YES;
				CLANG_WARN__DUPLICATE_METHOD_MATCH = YES;
				COPY_PHASE_STRIP = NO;
				DEBUG_INFORMATION_FORMAT = "dwarf-with-dsym";
				ENABLE_NS_ASSERTIONS = NO;
				ENABLE_STRICT_OBJC_MSGSEND = YES;
				GCC_C_LANGUAGE_STANDARD = gnu11;
				GCC_NO_COMMON_BLOCKS = YES;
				GCC_WARN_64_TO_32_BIT_CONVERSION = YES;
				GCC_WARN_ABOUT_RETURN_TYPE = YES_ERROR;
				GCC_WARN_UNDECLARED_SELECTOR = YES;
				GCC_WARN_UNINITIALIZED_AUTOS = YES_AGGRESSIVE;
				GCC_WARN_UNUSED_FUNCTION = YES;
				GCC_WARN_UNUSED_VARIABLE = YES;
				IPHONEOS_DEPLOYMENT_TARGET = 15.2;
				MTL_ENABLE_DEBUG_INFO = NO;
				MTL_FAST_MATH = YES;
				SDKROOT = iphoneos;
				SWIFT_COMPILATION_MODE = wholemodule;
				SWIFT_OPTIMIZATION_LEVEL = "-O";
				VALIDATE_PRODUCT = YES;
			};
			name = Release;
		};
		3640C73A28530DEF0059D14F /* Debug */ = {
			isa = XCBuildConfiguration;
			buildSettings = {
				ASSETCATALOG_COMPILER_APPICON_NAME = AppIcon;
				ASSETCATALOG_COMPILER_GLOBAL_ACCENT_COLOR_NAME = AccentColor;
				CODE_SIGN_STYLE = Automatic;
				CURRENT_PROJECT_VERSION = 1;
				GENERATE_INFOPLIST_FILE = YES;
				INFOPLIST_FILE = LibraryApp/Info.plist;
				INFOPLIST_KEY_UIApplicationSupportsIndirectInputEvents = YES;
				INFOPLIST_KEY_UILaunchStoryboardName = LaunchScreen;
				INFOPLIST_KEY_UIMainStoryboardFile = Main;
				INFOPLIST_KEY_UISupportedInterfaceOrientations_iPad = "UIInterfaceOrientationPortrait UIInterfaceOrientationPortraitUpsideDown UIInterfaceOrientationLandscapeLeft UIInterfaceOrientationLandscapeRight";
				INFOPLIST_KEY_UISupportedInterfaceOrientations_iPhone = "UIInterfaceOrientationPortrait UIInterfaceOrientationLandscapeLeft UIInterfaceOrientationLandscapeRight";
				IPHONEOS_DEPLOYMENT_TARGET = 13.0;
				LD_RUNPATH_SEARCH_PATHS = (
					"$(inherited)",
					"@executable_path/Frameworks",
				);
				MARKETING_VERSION = 1.0;
				PRODUCT_BUNDLE_IDENTIFIER = com.capgemini.LibraryApp;
				PRODUCT_NAME = "$(TARGET_NAME)";
				SWIFT_EMIT_LOC_STRINGS = YES;
				SWIFT_VERSION = 5.0;
				TARGETED_DEVICE_FAMILY = "1,2";
			};
			name = Debug;
		};
		3640C73B28530DEF0059D14F /* Release */ = {
			isa = XCBuildConfiguration;
			buildSettings = {
				ASSETCATALOG_COMPILER_APPICON_NAME = AppIcon;
				ASSETCATALOG_COMPILER_GLOBAL_ACCENT_COLOR_NAME = AccentColor;
				CODE_SIGN_STYLE = Automatic;
				CURRENT_PROJECT_VERSION = 1;
				GENERATE_INFOPLIST_FILE = YES;
				INFOPLIST_FILE = LibraryApp/Info.plist;
				INFOPLIST_KEY_UIApplicationSupportsIndirectInputEvents = YES;
				INFOPLIST_KEY_UILaunchStoryboardName = LaunchScreen;
				INFOPLIST_KEY_UIMainStoryboardFile = Main;
				INFOPLIST_KEY_UISupportedInterfaceOrientations_iPad = "UIInterfaceOrientationPortrait UIInterfaceOrientationPortraitUpsideDown UIInterfaceOrientationLandscapeLeft UIInterfaceOrientationLandscapeRight";
				INFOPLIST_KEY_UISupportedInterfaceOrientations_iPhone = "UIInterfaceOrientationPortrait UIInterfaceOrientationLandscapeLeft UIInterfaceOrientationLandscapeRight";
				IPHONEOS_DEPLOYMENT_TARGET = 13.0;
				LD_RUNPATH_SEARCH_PATHS = (
					"$(inherited)",
					"@executable_path/Frameworks",
				);
				MARKETING_VERSION = 1.0;
				PRODUCT_BUNDLE_IDENTIFIER = com.capgemini.LibraryApp;
				PRODUCT_NAME = "$(TARGET_NAME)";
				SWIFT_EMIT_LOC_STRINGS = YES;
				SWIFT_VERSION = 5.0;
				TARGETED_DEVICE_FAMILY = "1,2";
			};
			name = Release;
		};
/* End XCBuildConfiguration section */

/* Begin XCConfigurationList section */
		3640C72028530DEC0059D14F /* Build configuration list for PBXProject "LibraryApp" */ = {
			isa = XCConfigurationList;
			buildConfigurations = (
				3640C73728530DEF0059D14F /* Debug */,
				3640C73828530DEF0059D14F /* Release */,
			);
			defaultConfigurationIsVisible = 0;
			defaultConfigurationName = Release;
		};
		3640C73928530DEF0059D14F /* Build configuration list for PBXNativeTarget "LibraryApp" */ = {
			isa = XCConfigurationList;
			buildConfigurations = (
				3640C73A28530DEF0059D14F /* Debug */,
				3640C73B28530DEF0059D14F /* Release */,
			);
			defaultConfigurationIsVisible = 0;
			defaultConfigurationName = Release;
		};
/* End XCConfigurationList section */

/* Begin XCRemoteSwiftPackageReference section */
		3640C73F285323840059D14F /* XCRemoteSwiftPackageReference "firebase-ios-sdk" */ = {
			isa = XCRemoteSwiftPackageReference;
			repositoryURL = "https://github.com/firebase/firebase-ios-sdk";
			requirement = {
				kind = upToNextMajorVersion;
				minimumVersion = 9.0.0;
			};
		};
/* End XCRemoteSwiftPackageReference section */

/* Begin XCSwiftPackageProductDependency section */
		3640C740285323840059D14F /* FirebaseAuth */ = {
			isa = XCSwiftPackageProductDependency;
			package = 3640C73F285323840059D14F /* XCRemoteSwiftPackageReference "firebase-ios-sdk" */;
			productName = FirebaseAuth;
		};
		3640C742285323840059D14F /* FirebaseDatabase */ = {
			isa = XCSwiftPackageProductDependency;
			package = 3640C73F285323840059D14F /* XCRemoteSwiftPackageReference "firebase-ios-sdk" */;
			productName = FirebaseDatabase;
		};
		3640C744285323840059D14F /* FirebaseStorage */ = {
			isa = XCSwiftPackageProductDependency;
			package = 3640C73F285323840059D14F /* XCRemoteSwiftPackageReference "firebase-ios-sdk" */;
			productName = FirebaseStorage;
		};
/* End XCSwiftPackageProductDependency section */
	};
	rootObject = 3640C71D28530DEC0059D14F /* Project object */;
}
